// !$*UTF8*$!
{
	archiveVersion = 1;
	classes = {
	};
	objectVersion = 55;
	objects = {

/* Begin PBXBuildFile section */
		D14387D828175BFF005F5D64 /* SplashScreenAScene.swift in Sources */ = {isa = PBXBuildFile; fileRef = D14387D728175BFF005F5D64 /* SplashScreenAScene.swift */; };
		D14387DA28175D46005F5D64 /* SplashScreenBScene.swift in Sources */ = {isa = PBXBuildFile; fileRef = D14387D928175D46005F5D64 /* SplashScreenBScene.swift */; };
		D14387DC28175DE7005F5D64 /* TitleScreenScene.swift in Sources */ = {isa = PBXBuildFile; fileRef = D14387DB28175DE7005F5D64 /* TitleScreenScene.swift */; };
		D14387DE28175E45005F5D64 /* OptionsScreenScene.swift in Sources */ = {isa = PBXBuildFile; fileRef = D14387DD28175E45005F5D64 /* OptionsScreenScene.swift */; };
		D14C1C632817848600BCA0A6 /* CreditsScreenScene.swift in Sources */ = {isa = PBXBuildFile; fileRef = D14C1C622817848600BCA0A6 /* CreditsScreenScene.swift */; };
		D14C1C652817853700BCA0A6 /* PlayLevelScene.swift in Sources */ = {isa = PBXBuildFile; fileRef = D14C1C642817853700BCA0A6 /* PlayLevelScene.swift */; };
		D14C1C672817857200BCA0A6 /* PlayLevelWinScene.swift in Sources */ = {isa = PBXBuildFile; fileRef = D14C1C662817857200BCA0A6 /* PlayLevelWinScene.swift */; };
		D14C1C69281785A300BCA0A6 /* PlayLevelLoseScene.swift in Sources */ = {isa = PBXBuildFile; fileRef = D14C1C68281785A300BCA0A6 /* PlayLevelLoseScene.swift */; };
		D14C1C6B281785C800BCA0A6 /* GameWinScene.swift in Sources */ = {isa = PBXBuildFile; fileRef = D14C1C6A281785C800BCA0A6 /* GameWinScene.swift */; };
		D14C1C6D281785E900BCA0A6 /* GameLoseScene.swift in Sources */ = {isa = PBXBuildFile; fileRef = D14C1C6C281785E900BCA0A6 /* GameLoseScene.swift */; };
		D15C0688282C5767001702F4 /* GameMasterState.swift in Sources */ = {isa = PBXBuildFile; fileRef = D15C0687282C5767001702F4 /* GameMasterState.swift */; };
		D15C0689282C5767001702F4 /* GameMasterState.swift in Sources */ = {isa = PBXBuildFile; fileRef = D15C0687282C5767001702F4 /* GameMasterState.swift */; };
		D15C068C282C581F001702F4 /* GMSSplashScreenA.swift in Sources */ = {isa = PBXBuildFile; fileRef = D15C068B282C581F001702F4 /* GMSSplashScreenA.swift */; };
		D15C068D282C581F001702F4 /* GMSSplashScreenA.swift in Sources */ = {isa = PBXBuildFile; fileRef = D15C068B282C581F001702F4 /* GMSSplashScreenA.swift */; };
		D15C068F282C5891001702F4 /* GMSSplashScreenB.swift in Sources */ = {isa = PBXBuildFile; fileRef = D15C068E282C5891001702F4 /* GMSSplashScreenB.swift */; };
		D15C0690282C5891001702F4 /* GMSSplashScreenB.swift in Sources */ = {isa = PBXBuildFile; fileRef = D15C068E282C5891001702F4 /* GMSSplashScreenB.swift */; };
		D15C0692282C58EF001702F4 /* GMSTitleScreen.swift in Sources */ = {isa = PBXBuildFile; fileRef = D15C0691282C58EF001702F4 /* GMSTitleScreen.swift */; };
		D15C0693282C58EF001702F4 /* GMSTitleScreen.swift in Sources */ = {isa = PBXBuildFile; fileRef = D15C0691282C58EF001702F4 /* GMSTitleScreen.swift */; };
		D15C0695282C592C001702F4 /* GMSOptionsScreen.swift in Sources */ = {isa = PBXBuildFile; fileRef = D15C0694282C592C001702F4 /* GMSOptionsScreen.swift */; };
		D15C0696282C592C001702F4 /* GMSOptionsScreen.swift in Sources */ = {isa = PBXBuildFile; fileRef = D15C0694282C592C001702F4 /* GMSOptionsScreen.swift */; };
		D15C0698282C5979001702F4 /* GMSCreditsScreen.swift in Sources */ = {isa = PBXBuildFile; fileRef = D15C0697282C5979001702F4 /* GMSCreditsScreen.swift */; };
		D15C0699282C5979001702F4 /* GMSCreditsScreen.swift in Sources */ = {isa = PBXBuildFile; fileRef = D15C0697282C5979001702F4 /* GMSCreditsScreen.swift */; };
		D15C069B282C599D001702F4 /* GMSPlayLevel.swift in Sources */ = {isa = PBXBuildFile; fileRef = D15C069A282C599D001702F4 /* GMSPlayLevel.swift */; };
		D15C069C282C599D001702F4 /* GMSPlayLevel.swift in Sources */ = {isa = PBXBuildFile; fileRef = D15C069A282C599D001702F4 /* GMSPlayLevel.swift */; };
		D15C069E282C59C3001702F4 /* GMSPlayLevelWin.swift in Sources */ = {isa = PBXBuildFile; fileRef = D15C069D282C59C3001702F4 /* GMSPlayLevelWin.swift */; };
		D15C069F282C59C3001702F4 /* GMSPlayLevelWin.swift in Sources */ = {isa = PBXBuildFile; fileRef = D15C069D282C59C3001702F4 /* GMSPlayLevelWin.swift */; };
		D15C06A1282C59E9001702F4 /* GMSPlayLevelLose.swift in Sources */ = {isa = PBXBuildFile; fileRef = D15C06A0282C59E9001702F4 /* GMSPlayLevelLose.swift */; };
		D15C06A2282C59E9001702F4 /* GMSPlayLevelLose.swift in Sources */ = {isa = PBXBuildFile; fileRef = D15C06A0282C59E9001702F4 /* GMSPlayLevelLose.swift */; };
		D15C06A5282C5A18001702F4 /* GMSGameWin.swift in Sources */ = {isa = PBXBuildFile; fileRef = D15C06A4282C5A18001702F4 /* GMSGameWin.swift */; };
		D15C06A6282C5A18001702F4 /* GMSGameWin.swift in Sources */ = {isa = PBXBuildFile; fileRef = D15C06A4282C5A18001702F4 /* GMSGameWin.swift */; };
		D15C06A8282C5A48001702F4 /* GMSGameLose.swift in Sources */ = {isa = PBXBuildFile; fileRef = D15C06A7282C5A48001702F4 /* GMSGameLose.swift */; };
		D15C06A9282C5A48001702F4 /* GMSGameLose.swift in Sources */ = {isa = PBXBuildFile; fileRef = D15C06A7282C5A48001702F4 /* GMSGameLose.swift */; };
		D15C06AF282C9175001702F4 /* GameMinorState.swift in Sources */ = {isa = PBXBuildFile; fileRef = D15C06AE282C9175001702F4 /* GameMinorState.swift */; };
		D15C06B0282C9175001702F4 /* GameMinorState.swift in Sources */ = {isa = PBXBuildFile; fileRef = D15C06AE282C9175001702F4 /* GameMinorState.swift */; };
		D166CB972817873B00A2AA70 /* SplashScreenA.sks in Resources */ = {isa = PBXBuildFile; fileRef = D166CB962817873B00A2AA70 /* SplashScreenA.sks */; };
		D166CB9B2817876400A2AA70 /* SplashScreenB.sks in Resources */ = {isa = PBXBuildFile; fileRef = D166CB9A2817876400A2AA70 /* SplashScreenB.sks */; };
		D166CB9D2817877300A2AA70 /* TitleScreen.sks in Resources */ = {isa = PBXBuildFile; fileRef = D166CB9C2817877300A2AA70 /* TitleScreen.sks */; };
		D166CB9F2817878200A2AA70 /* OptionsScreen.sks in Resources */ = {isa = PBXBuildFile; fileRef = D166CB9E2817878200A2AA70 /* OptionsScreen.sks */; };
		D166CBA12817879100A2AA70 /* CreditsScreen.sks in Resources */ = {isa = PBXBuildFile; fileRef = D166CBA02817879100A2AA70 /* CreditsScreen.sks */; };
		D166CBA32817879E00A2AA70 /* PlayLevel.sks in Resources */ = {isa = PBXBuildFile; fileRef = D166CBA22817879E00A2AA70 /* PlayLevel.sks */; };
		D166CBA5281787A800A2AA70 /* PlayLevelWin.sks in Resources */ = {isa = PBXBuildFile; fileRef = D166CBA4281787A800A2AA70 /* PlayLevelWin.sks */; };
		D166CBA7281787B100A2AA70 /* PlayLevelLose.sks in Resources */ = {isa = PBXBuildFile; fileRef = D166CBA6281787B100A2AA70 /* PlayLevelLose.sks */; };
		D166CBA9281787B900A2AA70 /* GameWin.sks in Resources */ = {isa = PBXBuildFile; fileRef = D166CBA8281787B900A2AA70 /* GameWin.sks */; };
		D166CBAB281787C100A2AA70 /* GameLose.sks in Resources */ = {isa = PBXBuildFile; fileRef = D166CBAA281787C100A2AA70 /* GameLose.sks */; };
		D17E97FF2818D7F9004EA7E3 /* AppDelegate.swift in Sources */ = {isa = PBXBuildFile; fileRef = D17E97FE2818D7F9004EA7E3 /* AppDelegate.swift */; };
		D17E98052818D7F9004EA7E3 /* GameScene.swift in Sources */ = {isa = PBXBuildFile; fileRef = D17E98042818D7F9004EA7E3 /* GameScene.swift */; };
		D17E98072818D7F9004EA7E3 /* GameViewController.swift in Sources */ = {isa = PBXBuildFile; fileRef = D17E98062818D7F9004EA7E3 /* GameViewController.swift */; };
		D17E980A2818D7F9004EA7E3 /* Main.storyboard in Resources */ = {isa = PBXBuildFile; fileRef = D17E98082818D7F9004EA7E3 /* Main.storyboard */; };
		D17E980C2818D7FA004EA7E3 /* Assets.xcassets in Resources */ = {isa = PBXBuildFile; fileRef = D17E980B2818D7FA004EA7E3 /* Assets.xcassets */; };
		D17E980F2818D7FA004EA7E3 /* LaunchScreen.storyboard in Resources */ = {isa = PBXBuildFile; fileRef = D17E980D2818D7FA004EA7E3 /* LaunchScreen.storyboard */; };
		D17E98652818DB53004EA7E3 /* Balloon.swift in Sources */ = {isa = PBXBuildFile; fileRef = D1CB21E0281319780006696D /* Balloon.swift */; };
		D17E98662818DB53004EA7E3 /* SplashScreenAScene.swift in Sources */ = {isa = PBXBuildFile; fileRef = D14387D728175BFF005F5D64 /* SplashScreenAScene.swift */; };
		D17E98672818DB53004EA7E3 /* SplashScreenBScene.swift in Sources */ = {isa = PBXBuildFile; fileRef = D14387D928175D46005F5D64 /* SplashScreenBScene.swift */; };
		D17E98682818DB53004EA7E3 /* TitleScreenScene.swift in Sources */ = {isa = PBXBuildFile; fileRef = D14387DB28175DE7005F5D64 /* TitleScreenScene.swift */; };
		D17E98692818DB53004EA7E3 /* OptionsScreenScene.swift in Sources */ = {isa = PBXBuildFile; fileRef = D14387DD28175E45005F5D64 /* OptionsScreenScene.swift */; };
		D17E986A2818DB53004EA7E3 /* CreditsScreenScene.swift in Sources */ = {isa = PBXBuildFile; fileRef = D14C1C622817848600BCA0A6 /* CreditsScreenScene.swift */; };
		D17E986B2818DB53004EA7E3 /* PlayLevelScene.swift in Sources */ = {isa = PBXBuildFile; fileRef = D14C1C642817853700BCA0A6 /* PlayLevelScene.swift */; };
		D17E986C2818DB53004EA7E3 /* PlayLevelWinScene.swift in Sources */ = {isa = PBXBuildFile; fileRef = D14C1C662817857200BCA0A6 /* PlayLevelWinScene.swift */; };
		D17E986D2818DB53004EA7E3 /* PlayLevelLoseScene.swift in Sources */ = {isa = PBXBuildFile; fileRef = D14C1C68281785A300BCA0A6 /* PlayLevelLoseScene.swift */; };
		D17E986E2818DB53004EA7E3 /* GameWinScene.swift in Sources */ = {isa = PBXBuildFile; fileRef = D14C1C6A281785C800BCA0A6 /* GameWinScene.swift */; };
		D17E986F2818DB53004EA7E3 /* GameLoseScene.swift in Sources */ = {isa = PBXBuildFile; fileRef = D14C1C6C281785E900BCA0A6 /* GameLoseScene.swift */; };
		D17E98702818DB53004EA7E3 /* GMScene.swift in Sources */ = {isa = PBXBuildFile; fileRef = D197CC3628179286007DE072 /* GMScene.swift */; };
		D17E98712818DB6E004EA7E3 /* Bios Beep.wav in Resources */ = {isa = PBXBuildFile; fileRef = D197CC3428178D57007DE072 /* Bios Beep.wav */; };
		D17E98722818DB78004EA7E3 /* SplashScreenA.sks in Resources */ = {isa = PBXBuildFile; fileRef = D166CB962817873B00A2AA70 /* SplashScreenA.sks */; };
		D17E98732818DB78004EA7E3 /* GameScene.sks in Resources */ = {isa = PBXBuildFile; fileRef = D193C63B2812365700D4C4A0 /* GameScene.sks */; };
		D17E98742818DB78004EA7E3 /* SplashScreenB.sks in Resources */ = {isa = PBXBuildFile; fileRef = D166CB9A2817876400A2AA70 /* SplashScreenB.sks */; };
		D17E98752818DB78004EA7E3 /* TitleScreen.sks in Resources */ = {isa = PBXBuildFile; fileRef = D166CB9C2817877300A2AA70 /* TitleScreen.sks */; };
		D17E98762818DB78004EA7E3 /* OptionsScreen.sks in Resources */ = {isa = PBXBuildFile; fileRef = D166CB9E2817878200A2AA70 /* OptionsScreen.sks */; };
		D17E98772818DB78004EA7E3 /* CreditsScreen.sks in Resources */ = {isa = PBXBuildFile; fileRef = D166CBA02817879100A2AA70 /* CreditsScreen.sks */; };
		D17E98782818DB78004EA7E3 /* PlayLevel.sks in Resources */ = {isa = PBXBuildFile; fileRef = D166CBA22817879E00A2AA70 /* PlayLevel.sks */; };
		D17E98792818DB78004EA7E3 /* PlayLevelWin.sks in Resources */ = {isa = PBXBuildFile; fileRef = D166CBA4281787A800A2AA70 /* PlayLevelWin.sks */; };
		D17E987A2818DB78004EA7E3 /* PlayLevelLose.sks in Resources */ = {isa = PBXBuildFile; fileRef = D166CBA6281787B100A2AA70 /* PlayLevelLose.sks */; };
		D17E987B2818DB78004EA7E3 /* GameWin.sks in Resources */ = {isa = PBXBuildFile; fileRef = D166CBA8281787B900A2AA70 /* GameWin.sks */; };
		D17E987C2818DB78004EA7E3 /* GameLose.sks in Resources */ = {isa = PBXBuildFile; fileRef = D166CBAA281787C100A2AA70 /* GameLose.sks */; };
		D17E987D2818DB78004EA7E3 /* Actions.sks in Resources */ = {isa = PBXBuildFile; fileRef = D193C63D2812365700D4C4A0 /* Actions.sks */; };
		D182CEE2281CD872000B7F74 /* Voice Congrats.wav in Resources */ = {isa = PBXBuildFile; fileRef = D182CEE1281CD872000B7F74 /* Voice Congrats.wav */; };
		D182CEE3281CD872000B7F74 /* Voice Congrats.wav in Resources */ = {isa = PBXBuildFile; fileRef = D182CEE1281CD872000B7F74 /* Voice Congrats.wav */; };
		D182CEE5281CD87D000B7F74 /* Voice Continue.wav in Resources */ = {isa = PBXBuildFile; fileRef = D182CEE4281CD87D000B7F74 /* Voice Continue.wav */; };
		D182CEE6281CD87D000B7F74 /* Voice Continue.wav in Resources */ = {isa = PBXBuildFile; fileRef = D182CEE4281CD87D000B7F74 /* Voice Continue.wav */; };
		D182CEE8281CD885000B7F74 /* Voice Credits.wav in Resources */ = {isa = PBXBuildFile; fileRef = D182CEE7281CD885000B7F74 /* Voice Credits.wav */; };
		D182CEE9281CD885000B7F74 /* Voice Credits.wav in Resources */ = {isa = PBXBuildFile; fileRef = D182CEE7281CD885000B7F74 /* Voice Credits.wav */; };
		D182CEEB281CD88F000B7F74 /* Voice Game Over.wav in Resources */ = {isa = PBXBuildFile; fileRef = D182CEEA281CD88F000B7F74 /* Voice Game Over.wav */; };
		D182CEEC281CD88F000B7F74 /* Voice Game Over.wav in Resources */ = {isa = PBXBuildFile; fileRef = D182CEEA281CD88F000B7F74 /* Voice Game Over.wav */; };
		D182CEEE281CD897000B7F74 /* Voice Go.wav in Resources */ = {isa = PBXBuildFile; fileRef = D182CEED281CD897000B7F74 /* Voice Go.wav */; };
		D182CEEF281CD897000B7F74 /* Voice Go.wav in Resources */ = {isa = PBXBuildFile; fileRef = D182CEED281CD897000B7F74 /* Voice Go.wav */; };
		D182CEF1281CD8A0000B7F74 /* Voice New High Score.wav in Resources */ = {isa = PBXBuildFile; fileRef = D182CEF0281CD8A0000B7F74 /* Voice New High Score.wav */; };
		D182CEF2281CD8A0000B7F74 /* Voice New High Score.wav in Resources */ = {isa = PBXBuildFile; fileRef = D182CEF0281CD8A0000B7F74 /* Voice New High Score.wav */; };
		D182CEF4281CD8A6000B7F74 /* Voice Options.wav in Resources */ = {isa = PBXBuildFile; fileRef = D182CEF3281CD8A6000B7F74 /* Voice Options.wav */; };
		D182CEF5281CD8A6000B7F74 /* Voice Options.wav in Resources */ = {isa = PBXBuildFile; fileRef = D182CEF3281CD8A6000B7F74 /* Voice Options.wav */; };
		D182CEF7281CD8B4000B7F74 /* Voice Ready.wav in Resources */ = {isa = PBXBuildFile; fileRef = D182CEF6281CD8B4000B7F74 /* Voice Ready.wav */; };
		D182CEF8281CD8B4000B7F74 /* Voice Ready.wav in Resources */ = {isa = PBXBuildFile; fileRef = D182CEF6281CD8B4000B7F74 /* Voice Ready.wav */; };
		D182CEFA281CD8BE000B7F74 /* Voice Try Again.wav in Resources */ = {isa = PBXBuildFile; fileRef = D182CEF9281CD8BE000B7F74 /* Voice Try Again.wav */; };
		D182CEFB281CD8BE000B7F74 /* Voice Try Again.wav in Resources */ = {isa = PBXBuildFile; fileRef = D182CEF9281CD8BE000B7F74 /* Voice Try Again.wav */; };
		D182CEFD281CD8C2000B7F74 /* Voice You Win.wav in Resources */ = {isa = PBXBuildFile; fileRef = D182CEFC281CD8C2000B7F74 /* Voice You Win.wav */; };
		D182CEFE281CD8C2000B7F74 /* Voice You Win.wav in Resources */ = {isa = PBXBuildFile; fileRef = D182CEFC281CD8C2000B7F74 /* Voice You Win.wav */; };
		D1836CF62818DBFC00F3E066 /* GameMaster.swift in Sources */ = {isa = PBXBuildFile; fileRef = D1CB21E62815EE5F0006696D /* GameMaster.swift */; };
		D1836CF82818DEBE00F3E066 /* Splash Screen B Jingle.wav in Resources */ = {isa = PBXBuildFile; fileRef = D1836CF72818DEBE00F3E066 /* Splash Screen B Jingle.wav */; };
		D1836CF92818DEBE00F3E066 /* Splash Screen B Jingle.wav in Resources */ = {isa = PBXBuildFile; fileRef = D1836CF72818DEBE00F3E066 /* Splash Screen B Jingle.wav */; };
		D1836CFC2818DFBE00F3E066 /* Media.xcassets in Resources */ = {isa = PBXBuildFile; fileRef = D1836CFB2818DFBE00F3E066 /* Media.xcassets */; };
		D1836CFD2818DFBE00F3E066 /* Media.xcassets in Resources */ = {isa = PBXBuildFile; fileRef = D1836CFB2818DFBE00F3E066 /* Media.xcassets */; };
		D1836CFF2818E11500F3E066 /* SplashScreenBear.swift in Sources */ = {isa = PBXBuildFile; fileRef = D1836CFE2818E11500F3E066 /* SplashScreenBear.swift */; };
		D1836D002818E11500F3E066 /* SplashScreenBear.swift in Sources */ = {isa = PBXBuildFile; fileRef = D1836CFE2818E11500F3E066 /* SplashScreenBear.swift */; };
		D193C63A2812365700D4C4A0 /* AppDelegate.swift in Sources */ = {isa = PBXBuildFile; fileRef = D193C6392812365700D4C4A0 /* AppDelegate.swift */; };
		D193C63C2812365700D4C4A0 /* GameScene.sks in Resources */ = {isa = PBXBuildFile; fileRef = D193C63B2812365700D4C4A0 /* GameScene.sks */; };
		D193C63E2812365700D4C4A0 /* Actions.sks in Resources */ = {isa = PBXBuildFile; fileRef = D193C63D2812365700D4C4A0 /* Actions.sks */; };
		D193C6402812365700D4C4A0 /* GameScene.swift in Sources */ = {isa = PBXBuildFile; fileRef = D193C63F2812365700D4C4A0 /* GameScene.swift */; };
		D193C6422812365700D4C4A0 /* ViewController.swift in Sources */ = {isa = PBXBuildFile; fileRef = D193C6412812365700D4C4A0 /* ViewController.swift */; };
		D193C6442812365800D4C4A0 /* Assets.xcassets in Resources */ = {isa = PBXBuildFile; fileRef = D193C6432812365800D4C4A0 /* Assets.xcassets */; };
		D193C6472812365800D4C4A0 /* Main.storyboard in Resources */ = {isa = PBXBuildFile; fileRef = D193C6452812365800D4C4A0 /* Main.storyboard */; };
		D197CC3528178D57007DE072 /* Bios Beep.wav in Resources */ = {isa = PBXBuildFile; fileRef = D197CC3428178D57007DE072 /* Bios Beep.wav */; };
		D197CC3728179286007DE072 /* GMScene.swift in Sources */ = {isa = PBXBuildFile; fileRef = D197CC3628179286007DE072 /* GMScene.swift */; };
		D1B2AE65281997F7001DAEE7 /* Title Screen Music.wav in Resources */ = {isa = PBXBuildFile; fileRef = D1B2AE64281997F7001DAEE7 /* Title Screen Music.wav */; };
		D1B2AE66281997F7001DAEE7 /* Title Screen Music.wav in Resources */ = {isa = PBXBuildFile; fileRef = D1B2AE64281997F7001DAEE7 /* Title Screen Music.wav */; };
		D1B2AE68281A2395001DAEE7 /* Title Screen Music B.wav in Resources */ = {isa = PBXBuildFile; fileRef = D1B2AE67281A2395001DAEE7 /* Title Screen Music B.wav */; };
		D1B2AE6B281A258E001DAEE7 /* Options Screen Music A.wav in Resources */ = {isa = PBXBuildFile; fileRef = D1B2AE6A281A258E001DAEE7 /* Options Screen Music A.wav */; };
		D1B2AE6C281A258E001DAEE7 /* Options Screen Music A.wav in Resources */ = {isa = PBXBuildFile; fileRef = D1B2AE6A281A258E001DAEE7 /* Options Screen Music A.wav */; };
		D1B2AE6E281A2873001DAEE7 /* Credits Screen Music A.wav in Resources */ = {isa = PBXBuildFile; fileRef = D1B2AE6D281A2873001DAEE7 /* Credits Screen Music A.wav */; };
		D1B2AE6F281A2873001DAEE7 /* Credits Screen Music A.wav in Resources */ = {isa = PBXBuildFile; fileRef = D1B2AE6D281A2873001DAEE7 /* Credits Screen Music A.wav */; };
		D1C99674281EEE1A00C42039 /* Title Screen Music B.wav in Resources */ = {isa = PBXBuildFile; fileRef = D1B2AE67281A2395001DAEE7 /* Title Screen Music B.wav */; };
		D1C99677281F678E00C42039 /* MathMaster.swift in Sources */ = {isa = PBXBuildFile; fileRef = D1C99676281F678E00C42039 /* MathMaster.swift */; };
		D1C99678281F678E00C42039 /* MathMaster.swift in Sources */ = {isa = PBXBuildFile; fileRef = D1C99676281F678E00C42039 /* MathMaster.swift */; };
		D1CB21E1281319780006696D /* Balloon.swift in Sources */ = {isa = PBXBuildFile; fileRef = D1CB21E0281319780006696D /* Balloon.swift */; };
		D1CB21E72815EE5F0006696D /* GameMaster.swift in Sources */ = {isa = PBXBuildFile; fileRef = D1CB21E62815EE5F0006696D /* GameMaster.swift */; };
		D1F889E028441728009E2649 /* SKTopUiContainer.swift in Sources */ = {isa = PBXBuildFile; fileRef = D1F889DF28441728009E2649 /* SKTopUiContainer.swift */; };
		D1F889E128441728009E2649 /* SKTopUiContainer.swift in Sources */ = {isa = PBXBuildFile; fileRef = D1F889DF28441728009E2649 /* SKTopUiContainer.swift */; };
/* End PBXBuildFile section */

/* Begin PBXFileReference section */
		D14387D728175BFF005F5D64 /* SplashScreenAScene.swift */ = {isa = PBXFileReference; lastKnownFileType = sourcecode.swift; path = SplashScreenAScene.swift; sourceTree = "<group>"; };
		D14387D928175D46005F5D64 /* SplashScreenBScene.swift */ = {isa = PBXFileReference; lastKnownFileType = sourcecode.swift; path = SplashScreenBScene.swift; sourceTree = "<group>"; };
		D14387DB28175DE7005F5D64 /* TitleScreenScene.swift */ = {isa = PBXFileReference; lastKnownFileType = sourcecode.swift; path = TitleScreenScene.swift; sourceTree = "<group>"; };
		D14387DD28175E45005F5D64 /* OptionsScreenScene.swift */ = {isa = PBXFileReference; lastKnownFileType = sourcecode.swift; path = OptionsScreenScene.swift; sourceTree = "<group>"; };
		D14C1C622817848600BCA0A6 /* CreditsScreenScene.swift */ = {isa = PBXFileReference; lastKnownFileType = sourcecode.swift; path = CreditsScreenScene.swift; sourceTree = "<group>"; };
		D14C1C642817853700BCA0A6 /* PlayLevelScene.swift */ = {isa = PBXFileReference; lastKnownFileType = sourcecode.swift; path = PlayLevelScene.swift; sourceTree = "<group>"; };
		D14C1C662817857200BCA0A6 /* PlayLevelWinScene.swift */ = {isa = PBXFileReference; lastKnownFileType = sourcecode.swift; path = PlayLevelWinScene.swift; sourceTree = "<group>"; };
		D14C1C68281785A300BCA0A6 /* PlayLevelLoseScene.swift */ = {isa = PBXFileReference; lastKnownFileType = sourcecode.swift; path = PlayLevelLoseScene.swift; sourceTree = "<group>"; };
		D14C1C6A281785C800BCA0A6 /* GameWinScene.swift */ = {isa = PBXFileReference; lastKnownFileType = sourcecode.swift; path = GameWinScene.swift; sourceTree = "<group>"; };
		D14C1C6C281785E900BCA0A6 /* GameLoseScene.swift */ = {isa = PBXFileReference; lastKnownFileType = sourcecode.swift; path = GameLoseScene.swift; sourceTree = "<group>"; };
		D15C0687282C5767001702F4 /* GameMasterState.swift */ = {isa = PBXFileReference; lastKnownFileType = sourcecode.swift; path = GameMasterState.swift; sourceTree = "<group>"; };
		D15C068B282C581F001702F4 /* GMSSplashScreenA.swift */ = {isa = PBXFileReference; lastKnownFileType = sourcecode.swift; path = GMSSplashScreenA.swift; sourceTree = "<group>"; };
		D15C068E282C5891001702F4 /* GMSSplashScreenB.swift */ = {isa = PBXFileReference; lastKnownFileType = sourcecode.swift; path = GMSSplashScreenB.swift; sourceTree = "<group>"; };
		D15C0691282C58EF001702F4 /* GMSTitleScreen.swift */ = {isa = PBXFileReference; lastKnownFileType = sourcecode.swift; path = GMSTitleScreen.swift; sourceTree = "<group>"; };
		D15C0694282C592C001702F4 /* GMSOptionsScreen.swift */ = {isa = PBXFileReference; lastKnownFileType = sourcecode.swift; path = GMSOptionsScreen.swift; sourceTree = "<group>"; };
		D15C0697282C5979001702F4 /* GMSCreditsScreen.swift */ = {isa = PBXFileReference; lastKnownFileType = sourcecode.swift; path = GMSCreditsScreen.swift; sourceTree = "<group>"; };
		D15C069A282C599D001702F4 /* GMSPlayLevel.swift */ = {isa = PBXFileReference; lastKnownFileType = sourcecode.swift; path = GMSPlayLevel.swift; sourceTree = "<group>"; };
		D15C069D282C59C3001702F4 /* GMSPlayLevelWin.swift */ = {isa = PBXFileReference; lastKnownFileType = sourcecode.swift; path = GMSPlayLevelWin.swift; sourceTree = "<group>"; };
		D15C06A0282C59E9001702F4 /* GMSPlayLevelLose.swift */ = {isa = PBXFileReference; lastKnownFileType = sourcecode.swift; path = GMSPlayLevelLose.swift; sourceTree = "<group>"; };
		D15C06A4282C5A18001702F4 /* GMSGameWin.swift */ = {isa = PBXFileReference; lastKnownFileType = sourcecode.swift; path = GMSGameWin.swift; sourceTree = "<group>"; };
		D15C06A7282C5A48001702F4 /* GMSGameLose.swift */ = {isa = PBXFileReference; lastKnownFileType = sourcecode.swift; path = GMSGameLose.swift; sourceTree = "<group>"; };
		D15C06AE282C9175001702F4 /* GameMinorState.swift */ = {isa = PBXFileReference; lastKnownFileType = sourcecode.swift; path = GameMinorState.swift; sourceTree = "<group>"; };
		D166CB962817873B00A2AA70 /* SplashScreenA.sks */ = {isa = PBXFileReference; lastKnownFileType = file.sks; path = SplashScreenA.sks; sourceTree = "<group>"; };
		D166CB9A2817876400A2AA70 /* SplashScreenB.sks */ = {isa = PBXFileReference; lastKnownFileType = file.sks; path = SplashScreenB.sks; sourceTree = "<group>"; };
		D166CB9C2817877300A2AA70 /* TitleScreen.sks */ = {isa = PBXFileReference; lastKnownFileType = file.sks; path = TitleScreen.sks; sourceTree = "<group>"; };
		D166CB9E2817878200A2AA70 /* OptionsScreen.sks */ = {isa = PBXFileReference; lastKnownFileType = file.sks; path = OptionsScreen.sks; sourceTree = "<group>"; };
		D166CBA02817879100A2AA70 /* CreditsScreen.sks */ = {isa = PBXFileReference; lastKnownFileType = file.sks; path = CreditsScreen.sks; sourceTree = "<group>"; };
		D166CBA22817879E00A2AA70 /* PlayLevel.sks */ = {isa = PBXFileReference; lastKnownFileType = file.sks; path = PlayLevel.sks; sourceTree = "<group>"; };
		D166CBA4281787A800A2AA70 /* PlayLevelWin.sks */ = {isa = PBXFileReference; lastKnownFileType = file.sks; path = PlayLevelWin.sks; sourceTree = "<group>"; };
		D166CBA6281787B100A2AA70 /* PlayLevelLose.sks */ = {isa = PBXFileReference; lastKnownFileType = file.sks; path = PlayLevelLose.sks; sourceTree = "<group>"; };
		D166CBA8281787B900A2AA70 /* GameWin.sks */ = {isa = PBXFileReference; lastKnownFileType = file.sks; path = GameWin.sks; sourceTree = "<group>"; };
		D166CBAA281787C100A2AA70 /* GameLose.sks */ = {isa = PBXFileReference; lastKnownFileType = file.sks; path = GameLose.sks; sourceTree = "<group>"; };
		D17E97FC2818D7F9004EA7E3 /* Balloon Popper iOS.app */ = {isa = PBXFileReference; explicitFileType = wrapper.application; includeInIndex = 0; path = "Balloon Popper iOS.app"; sourceTree = BUILT_PRODUCTS_DIR; };
		D17E97FE2818D7F9004EA7E3 /* AppDelegate.swift */ = {isa = PBXFileReference; lastKnownFileType = sourcecode.swift; path = AppDelegate.swift; sourceTree = "<group>"; };
		D17E98002818D7F9004EA7E3 /* GameScene.sks */ = {isa = PBXFileReference; lastKnownFileType = file.sks; path = GameScene.sks; sourceTree = "<group>"; };
		D17E98022818D7F9004EA7E3 /* Actions.sks */ = {isa = PBXFileReference; lastKnownFileType = file.sks; path = Actions.sks; sourceTree = "<group>"; };
		D17E98042818D7F9004EA7E3 /* GameScene.swift */ = {isa = PBXFileReference; lastKnownFileType = sourcecode.swift; path = GameScene.swift; sourceTree = "<group>"; };
		D17E98062818D7F9004EA7E3 /* GameViewController.swift */ = {isa = PBXFileReference; lastKnownFileType = sourcecode.swift; path = GameViewController.swift; sourceTree = "<group>"; };
		D17E98092818D7F9004EA7E3 /* Base */ = {isa = PBXFileReference; lastKnownFileType = file.storyboard; name = Base; path = Base.lproj/Main.storyboard; sourceTree = "<group>"; };
		D17E980B2818D7FA004EA7E3 /* Assets.xcassets */ = {isa = PBXFileReference; lastKnownFileType = folder.assetcatalog; path = Assets.xcassets; sourceTree = "<group>"; };
		D17E980E2818D7FA004EA7E3 /* Base */ = {isa = PBXFileReference; lastKnownFileType = file.storyboard; name = Base; path = Base.lproj/LaunchScreen.storyboard; sourceTree = "<group>"; };
		D182CEE1281CD872000B7F74 /* Voice Congrats.wav */ = {isa = PBXFileReference; lastKnownFileType = audio.wav; path = "Voice Congrats.wav"; sourceTree = "<group>"; };
		D182CEE4281CD87D000B7F74 /* Voice Continue.wav */ = {isa = PBXFileReference; lastKnownFileType = audio.wav; path = "Voice Continue.wav"; sourceTree = "<group>"; };
		D182CEE7281CD885000B7F74 /* Voice Credits.wav */ = {isa = PBXFileReference; lastKnownFileType = audio.wav; path = "Voice Credits.wav"; sourceTree = "<group>"; };
		D182CEEA281CD88F000B7F74 /* Voice Game Over.wav */ = {isa = PBXFileReference; lastKnownFileType = audio.wav; path = "Voice Game Over.wav"; sourceTree = "<group>"; };
		D182CEED281CD897000B7F74 /* Voice Go.wav */ = {isa = PBXFileReference; lastKnownFileType = audio.wav; path = "Voice Go.wav"; sourceTree = "<group>"; };
		D182CEF0281CD8A0000B7F74 /* Voice New High Score.wav */ = {isa = PBXFileReference; lastKnownFileType = audio.wav; path = "Voice New High Score.wav"; sourceTree = "<group>"; };
		D182CEF3281CD8A6000B7F74 /* Voice Options.wav */ = {isa = PBXFileReference; lastKnownFileType = audio.wav; path = "Voice Options.wav"; sourceTree = "<group>"; };
		D182CEF6281CD8B4000B7F74 /* Voice Ready.wav */ = {isa = PBXFileReference; lastKnownFileType = audio.wav; path = "Voice Ready.wav"; sourceTree = "<group>"; };
		D182CEF9281CD8BE000B7F74 /* Voice Try Again.wav */ = {isa = PBXFileReference; lastKnownFileType = audio.wav; path = "Voice Try Again.wav"; sourceTree = "<group>"; };
		D182CEFC281CD8C2000B7F74 /* Voice You Win.wav */ = {isa = PBXFileReference; lastKnownFileType = audio.wav; path = "Voice You Win.wav"; sourceTree = "<group>"; };
		D1836CF72818DEBE00F3E066 /* Splash Screen B Jingle.wav */ = {isa = PBXFileReference; lastKnownFileType = audio.wav; path = "Splash Screen B Jingle.wav"; sourceTree = "<group>"; };
		D1836CFB2818DFBE00F3E066 /* Media.xcassets */ = {isa = PBXFileReference; lastKnownFileType = folder.assetcatalog; path = Media.xcassets; sourceTree = "<group>"; };
		D1836CFE2818E11500F3E066 /* SplashScreenBear.swift */ = {isa = PBXFileReference; lastKnownFileType = sourcecode.swift; path = SplashScreenBear.swift; sourceTree = "<group>"; };
		D193C6362812365700D4C4A0 /* Balloon Popper.app */ = {isa = PBXFileReference; explicitFileType = wrapper.application; includeInIndex = 0; path = "Balloon Popper.app"; sourceTree = BUILT_PRODUCTS_DIR; };
		D193C6392812365700D4C4A0 /* AppDelegate.swift */ = {isa = PBXFileReference; lastKnownFileType = sourcecode.swift; path = AppDelegate.swift; sourceTree = "<group>"; };
		D193C63B2812365700D4C4A0 /* GameScene.sks */ = {isa = PBXFileReference; lastKnownFileType = file.sks; path = GameScene.sks; sourceTree = "<group>"; };
		D193C63D2812365700D4C4A0 /* Actions.sks */ = {isa = PBXFileReference; lastKnownFileType = file.sks; path = Actions.sks; sourceTree = "<group>"; };
		D193C63F2812365700D4C4A0 /* GameScene.swift */ = {isa = PBXFileReference; lastKnownFileType = sourcecode.swift; path = GameScene.swift; sourceTree = "<group>"; };
		D193C6412812365700D4C4A0 /* ViewController.swift */ = {isa = PBXFileReference; lastKnownFileType = sourcecode.swift; path = ViewController.swift; sourceTree = "<group>"; };
		D193C6432812365800D4C4A0 /* Assets.xcassets */ = {isa = PBXFileReference; lastKnownFileType = folder.assetcatalog; path = Assets.xcassets; sourceTree = "<group>"; };
		D193C6462812365800D4C4A0 /* Base */ = {isa = PBXFileReference; lastKnownFileType = file.storyboard; name = Base; path = Base.lproj/Main.storyboard; sourceTree = "<group>"; };
		D193C6482812365800D4C4A0 /* Balloon_Popper.entitlements */ = {isa = PBXFileReference; lastKnownFileType = text.plist.entitlements; path = Balloon_Popper.entitlements; sourceTree = "<group>"; };
		D197CC3428178D57007DE072 /* Bios Beep.wav */ = {isa = PBXFileReference; lastKnownFileType = audio.wav; path = "Bios Beep.wav"; sourceTree = "<group>"; };
		D197CC3628179286007DE072 /* GMScene.swift */ = {isa = PBXFileReference; lastKnownFileType = sourcecode.swift; path = GMScene.swift; sourceTree = "<group>"; };
		D1B2AE64281997F7001DAEE7 /* Title Screen Music.wav */ = {isa = PBXFileReference; lastKnownFileType = audio.wav; path = "Title Screen Music.wav"; sourceTree = "<group>"; };
		D1B2AE67281A2395001DAEE7 /* Title Screen Music B.wav */ = {isa = PBXFileReference; lastKnownFileType = audio.wav; path = "Title Screen Music B.wav"; sourceTree = "<group>"; };
		D1B2AE6A281A258E001DAEE7 /* Options Screen Music A.wav */ = {isa = PBXFileReference; lastKnownFileType = audio.wav; path = "Options Screen Music A.wav"; sourceTree = "<group>"; };
		D1B2AE6D281A2873001DAEE7 /* Credits Screen Music A.wav */ = {isa = PBXFileReference; lastKnownFileType = audio.wav; path = "Credits Screen Music A.wav"; sourceTree = "<group>"; };
		D1C99676281F678E00C42039 /* MathMaster.swift */ = {isa = PBXFileReference; lastKnownFileType = sourcecode.swift; path = MathMaster.swift; sourceTree = "<group>"; };
		D1CB21E0281319780006696D /* Balloon.swift */ = {isa = PBXFileReference; lastKnownFileType = sourcecode.swift; path = Balloon.swift; sourceTree = "<group>"; };
		D1CB21E62815EE5F0006696D /* GameMaster.swift */ = {isa = PBXFileReference; lastKnownFileType = sourcecode.swift; path = GameMaster.swift; sourceTree = "<group>"; };
		D1F889DF28441728009E2649 /* SKTopUiContainer.swift */ = {isa = PBXFileReference; lastKnownFileType = sourcecode.swift; path = SKTopUiContainer.swift; sourceTree = "<group>"; };
/* End PBXFileReference section */

/* Begin PBXFrameworksBuildPhase section */
		D17E97F92818D7F9004EA7E3 /* Frameworks */ = {
			isa = PBXFrameworksBuildPhase;
			buildActionMask = 2147483647;
			files = (
			);
			runOnlyForDeploymentPostprocessing = 0;
		};
		D193C6332812365700D4C4A0 /* Frameworks */ = {
			isa = PBXFrameworksBuildPhase;
			buildActionMask = 2147483647;
			files = (
			);
			runOnlyForDeploymentPostprocessing = 0;
		};
/* End PBXFrameworksBuildPhase section */

/* Begin PBXGroup section */
		D14387D528175BBC005F5D64 /* Scene Controllers */ = {
			isa = PBXGroup;
			children = (
				D14387D728175BFF005F5D64 /* SplashScreenAScene.swift */,
				D14387D928175D46005F5D64 /* SplashScreenBScene.swift */,
				D14387DB28175DE7005F5D64 /* TitleScreenScene.swift */,
				D14387DD28175E45005F5D64 /* OptionsScreenScene.swift */,
				D14C1C622817848600BCA0A6 /* CreditsScreenScene.swift */,
				D14C1C642817853700BCA0A6 /* PlayLevelScene.swift */,
				D14C1C662817857200BCA0A6 /* PlayLevelWinScene.swift */,
				D14C1C68281785A300BCA0A6 /* PlayLevelLoseScene.swift */,
				D14C1C6A281785C800BCA0A6 /* GameWinScene.swift */,
				D14C1C6C281785E900BCA0A6 /* GameLoseScene.swift */,
				D197CC3628179286007DE072 /* GMScene.swift */,
			);
			path = "Scene Controllers";
			sourceTree = "<group>";
		};
		D14387D628175BDC005F5D64 /* Entities */ = {
			isa = PBXGroup;
			children = (
				D1CB21E0281319780006696D /* Balloon.swift */,
				D1836CFE2818E11500F3E066 /* SplashScreenBear.swift */,
			);
			path = Entities;
			sourceTree = "<group>";
		};
		D15C0686282C56EF001702F4 /* State Management */ = {
			isa = PBXGroup;
			children = (
				D15C06AD282C8909001702F4 /* Secondary Game States */,
				D15C068A282C57F9001702F4 /* Primary Game States */,
				D15C0687282C5767001702F4 /* GameMasterState.swift */,
				D15C06AE282C9175001702F4 /* GameMinorState.swift */,
			);
			path = "State Management";
			sourceTree = "<group>";
		};
		D15C068A282C57F9001702F4 /* Primary Game States */ = {
			isa = PBXGroup;
			children = (
				D15C068B282C581F001702F4 /* GMSSplashScreenA.swift */,
				D15C068E282C5891001702F4 /* GMSSplashScreenB.swift */,
				D15C0691282C58EF001702F4 /* GMSTitleScreen.swift */,
				D15C0694282C592C001702F4 /* GMSOptionsScreen.swift */,
				D15C0697282C5979001702F4 /* GMSCreditsScreen.swift */,
				D15C069A282C599D001702F4 /* GMSPlayLevel.swift */,
				D15C069D282C59C3001702F4 /* GMSPlayLevelWin.swift */,
				D15C06A0282C59E9001702F4 /* GMSPlayLevelLose.swift */,
				D15C06A4282C5A18001702F4 /* GMSGameWin.swift */,
				D15C06A7282C5A48001702F4 /* GMSGameLose.swift */,
			);
			path = "Primary Game States";
			sourceTree = "<group>";
		};
		D15C06AD282C8909001702F4 /* Secondary Game States */ = {
			isa = PBXGroup;
			children = (
			);
			path = "Secondary Game States";
			sourceTree = "<group>";
		};
		D166CB982817874800A2AA70 /* Actions */ = {
			isa = PBXGroup;
			children = (
				D193C63D2812365700D4C4A0 /* Actions.sks */,
			);
			path = Actions;
			sourceTree = "<group>";
		};
		D166CB992817874E00A2AA70 /* Scenes */ = {
			isa = PBXGroup;
			children = (
				D166CB962817873B00A2AA70 /* SplashScreenA.sks */,
				D193C63B2812365700D4C4A0 /* GameScene.sks */,
				D166CB9A2817876400A2AA70 /* SplashScreenB.sks */,
				D166CB9C2817877300A2AA70 /* TitleScreen.sks */,
				D166CB9E2817878200A2AA70 /* OptionsScreen.sks */,
				D166CBA02817879100A2AA70 /* CreditsScreen.sks */,
				D166CBA22817879E00A2AA70 /* PlayLevel.sks */,
				D166CBA4281787A800A2AA70 /* PlayLevelWin.sks */,
				D166CBA6281787B100A2AA70 /* PlayLevelLose.sks */,
				D166CBA8281787B900A2AA70 /* GameWin.sks */,
				D166CBAA281787C100A2AA70 /* GameLose.sks */,
			);
			path = Scenes;
			sourceTree = "<group>";
		};
		D17E97FD2818D7F9004EA7E3 /* Balloon Popper iOS */ = {
			isa = PBXGroup;
			children = (
				D17E97FE2818D7F9004EA7E3 /* AppDelegate.swift */,
				D17E98002818D7F9004EA7E3 /* GameScene.sks */,
				D17E98022818D7F9004EA7E3 /* Actions.sks */,
				D17E98042818D7F9004EA7E3 /* GameScene.swift */,
				D17E98062818D7F9004EA7E3 /* GameViewController.swift */,
				D17E98082818D7F9004EA7E3 /* Main.storyboard */,
				D17E980B2818D7FA004EA7E3 /* Assets.xcassets */,
				D17E980D2818D7FA004EA7E3 /* LaunchScreen.storyboard */,
			);
			path = "Balloon Popper iOS";
			sourceTree = "<group>";
		};
		D182CEDE281CD82D000B7F74 /* Voice */ = {
			isa = PBXGroup;
			children = (
				D182CEF6281CD8B4000B7F74 /* Voice Ready.wav */,
				D182CEE1281CD872000B7F74 /* Voice Congrats.wav */,
				D182CEE4281CD87D000B7F74 /* Voice Continue.wav */,
				D182CEE7281CD885000B7F74 /* Voice Credits.wav */,
				D182CEEA281CD88F000B7F74 /* Voice Game Over.wav */,
				D182CEED281CD897000B7F74 /* Voice Go.wav */,
				D182CEF0281CD8A0000B7F74 /* Voice New High Score.wav */,
				D182CEF3281CD8A6000B7F74 /* Voice Options.wav */,
				D182CEF9281CD8BE000B7F74 /* Voice Try Again.wav */,
				D182CEFC281CD8C2000B7F74 /* Voice You Win.wav */,
			);
			path = Voice;
			sourceTree = "<group>";
		};
		D182CEDF281CD833000B7F74 /* BGM */ = {
			isa = PBXGroup;
			children = (
				D1B2AE6D281A2873001DAEE7 /* Credits Screen Music A.wav */,
				D1B2AE6A281A258E001DAEE7 /* Options Screen Music A.wav */,
				D1B2AE67281A2395001DAEE7 /* Title Screen Music B.wav */,
				D1B2AE64281997F7001DAEE7 /* Title Screen Music.wav */,
			);
			path = BGM;
			sourceTree = "<group>";
		};
		D182CEE0281CD84E000B7F74 /* SFX */ = {
			isa = PBXGroup;
			children = (
				D1836CF72818DEBE00F3E066 /* Splash Screen B Jingle.wav */,
				D197CC3428178D57007DE072 /* Bios Beep.wav */,
			);
			path = SFX;
			sourceTree = "<group>";
		};
		D1836CFA2818DFA900F3E066 /* Shared Assets */ = {
			isa = PBXGroup;
			children = (
				D1836CFB2818DFBE00F3E066 /* Media.xcassets */,
			);
			path = "Shared Assets";
			sourceTree = "<group>";
		};
		D193C62D2812365700D4C4A0 = {
			isa = PBXGroup;
			children = (
				D193C6382812365700D4C4A0 /* Balloon Popper */,
				D17E97FD2818D7F9004EA7E3 /* Balloon Popper iOS */,
				D193C6372812365700D4C4A0 /* Products */,
			);
			sourceTree = "<group>";
		};
		D193C6372812365700D4C4A0 /* Products */ = {
			isa = PBXGroup;
			children = (
				D193C6362812365700D4C4A0 /* Balloon Popper.app */,
				D17E97FC2818D7F9004EA7E3 /* Balloon Popper iOS.app */,
			);
			name = Products;
			sourceTree = "<group>";
		};
		D193C6382812365700D4C4A0 /* Balloon Popper */ = {
			isa = PBXGroup;
			children = (
				D1836CFA2818DFA900F3E066 /* Shared Assets */,
				D197CC3328178D45007DE072 /* Audio */,
				D193C64F2812367000D4C4A0 /* Source */,
				D193C64E2812366400D4C4A0 /* SKS */,
				D193C6432812365800D4C4A0 /* Assets.xcassets */,
				D193C6452812365800D4C4A0 /* Main.storyboard */,
				D193C6482812365800D4C4A0 /* Balloon_Popper.entitlements */,
			);
			path = "Balloon Popper";
			sourceTree = "<group>";
		};
		D193C64E2812366400D4C4A0 /* SKS */ = {
			isa = PBXGroup;
			children = (
				D166CB992817874E00A2AA70 /* Scenes */,
				D166CB982817874800A2AA70 /* Actions */,
			);
			path = SKS;
			sourceTree = "<group>";
		};
		D193C64F2812367000D4C4A0 /* Source */ = {
			isa = PBXGroup;
			children = (
				D1C99675281F677800C42039 /* Core */,
				D14387D628175BDC005F5D64 /* Entities */,
				D14387D528175BBC005F5D64 /* Scene Controllers */,
				D193C6412812365700D4C4A0 /* ViewController.swift */,
				D193C63F2812365700D4C4A0 /* GameScene.swift */,
				D193C6392812365700D4C4A0 /* AppDelegate.swift */,
			);
			path = Source;
			sourceTree = "<group>";
		};
		D197CC3328178D45007DE072 /* Audio */ = {
			isa = PBXGroup;
			children = (
				D182CEE0281CD84E000B7F74 /* SFX */,
				D182CEDF281CD833000B7F74 /* BGM */,
				D182CEDE281CD82D000B7F74 /* Voice */,
			);
			path = Audio;
			sourceTree = "<group>";
		};
		D1C99675281F677800C42039 /* Core */ = {
			isa = PBXGroup;
			children = (
				D1F889DE28441718009E2649 /* Nodes */,
				D15C0686282C56EF001702F4 /* State Management */,
				D1CB21E62815EE5F0006696D /* GameMaster.swift */,
				D1C99676281F678E00C42039 /* MathMaster.swift */,
			);
			path = Core;
			sourceTree = "<group>";
		};
		D1F889DE28441718009E2649 /* Nodes */ = {
			isa = PBXGroup;
			children = (
				D1F889DF28441728009E2649 /* SKTopUiContainer.swift */,
			);
			path = Nodes;
			sourceTree = "<group>";
		};
/* End PBXGroup section */

/* Begin PBXNativeTarget section */
		D17E97FB2818D7F9004EA7E3 /* Balloon Popper iOS */ = {
			isa = PBXNativeTarget;
			buildConfigurationList = D17E98122818D7FA004EA7E3 /* Build configuration list for PBXNativeTarget "Balloon Popper iOS" */;
			buildPhases = (
				D17E97F82818D7F9004EA7E3 /* Sources */,
				D17E97F92818D7F9004EA7E3 /* Frameworks */,
				D17E97FA2818D7F9004EA7E3 /* Resources */,
			);
			buildRules = (
			);
			dependencies = (
			);
			name = "Balloon Popper iOS";
			productName = "Balloon Popper iOS";
			productReference = D17E97FC2818D7F9004EA7E3 /* Balloon Popper iOS.app */;
			productType = "com.apple.product-type.application";
		};
		D193C6352812365700D4C4A0 /* Balloon Popper */ = {
			isa = PBXNativeTarget;
			buildConfigurationList = D193C64B2812365800D4C4A0 /* Build configuration list for PBXNativeTarget "Balloon Popper" */;
			buildPhases = (
				D193C6322812365700D4C4A0 /* Sources */,
				D193C6332812365700D4C4A0 /* Frameworks */,
				D193C6342812365700D4C4A0 /* Resources */,
			);
			buildRules = (
			);
			dependencies = (
			);
			name = "Balloon Popper";
			productName = "Balloon Popper";
			productReference = D193C6362812365700D4C4A0 /* Balloon Popper.app */;
			productType = "com.apple.product-type.application";
		};
/* End PBXNativeTarget section */

/* Begin PBXProject section */
		D193C62E2812365700D4C4A0 /* Project object */ = {
			isa = PBXProject;
			attributes = {
				BuildIndependentTargetsInParallel = 1;
				LastSwiftUpdateCheck = 1330;
				LastUpgradeCheck = 1340;
				TargetAttributes = {
					D17E97FB2818D7F9004EA7E3 = {
						CreatedOnToolsVersion = 13.3.1;
					};
					D193C6352812365700D4C4A0 = {
						CreatedOnToolsVersion = 13.3.1;
					};
				};
			};
			buildConfigurationList = D193C6312812365700D4C4A0 /* Build configuration list for PBXProject "Balloon Popper" */;
			compatibilityVersion = "Xcode 13.0";
			developmentRegion = en;
			hasScannedForEncodings = 0;
			knownRegions = (
				en,
				Base,
			);
			mainGroup = D193C62D2812365700D4C4A0;
			productRefGroup = D193C6372812365700D4C4A0 /* Products */;
			projectDirPath = "";
			projectRoot = "";
			targets = (
				D193C6352812365700D4C4A0 /* Balloon Popper */,
				D17E97FB2818D7F9004EA7E3 /* Balloon Popper iOS */,
			);
		};
/* End PBXProject section */

/* Begin PBXResourcesBuildPhase section */
		D17E97FA2818D7F9004EA7E3 /* Resources */ = {
			isa = PBXResourcesBuildPhase;
			buildActionMask = 2147483647;
			files = (
				D1C99674281EEE1A00C42039 /* Title Screen Music B.wav in Resources */,
				D17E98722818DB78004EA7E3 /* SplashScreenA.sks in Resources */,
				D17E98732818DB78004EA7E3 /* GameScene.sks in Resources */,
				D182CEF2281CD8A0000B7F74 /* Voice New High Score.wav in Resources */,
				D1B2AE6C281A258E001DAEE7 /* Options Screen Music A.wav in Resources */,
				D1B2AE6F281A2873001DAEE7 /* Credits Screen Music A.wav in Resources */,
				D17E98742818DB78004EA7E3 /* SplashScreenB.sks in Resources */,
				D182CEE6281CD87D000B7F74 /* Voice Continue.wav in Resources */,
				D182CEE9281CD885000B7F74 /* Voice Credits.wav in Resources */,
				D17E98752818DB78004EA7E3 /* TitleScreen.sks in Resources */,
				D17E98762818DB78004EA7E3 /* OptionsScreen.sks in Resources */,
				D17E98772818DB78004EA7E3 /* CreditsScreen.sks in Resources */,
				D17E98782818DB78004EA7E3 /* PlayLevel.sks in Resources */,
				D17E98792818DB78004EA7E3 /* PlayLevelWin.sks in Resources */,
				D1B2AE66281997F7001DAEE7 /* Title Screen Music.wav in Resources */,
				D17E987A2818DB78004EA7E3 /* PlayLevelLose.sks in Resources */,
				D182CEEC281CD88F000B7F74 /* Voice Game Over.wav in Resources */,
				D17E987B2818DB78004EA7E3 /* GameWin.sks in Resources */,
				D182CEFE281CD8C2000B7F74 /* Voice You Win.wav in Resources */,
				D17E987C2818DB78004EA7E3 /* GameLose.sks in Resources */,
				D17E987D2818DB78004EA7E3 /* Actions.sks in Resources */,
				D182CEFB281CD8BE000B7F74 /* Voice Try Again.wav in Resources */,
				D182CEE3281CD872000B7F74 /* Voice Congrats.wav in Resources */,
				D1836CF92818DEBE00F3E066 /* Splash Screen B Jingle.wav in Resources */,
				D17E98712818DB6E004EA7E3 /* Bios Beep.wav in Resources */,
				D182CEF8281CD8B4000B7F74 /* Voice Ready.wav in Resources */,
				D182CEEF281CD897000B7F74 /* Voice Go.wav in Resources */,
				D17E980A2818D7F9004EA7E3 /* Main.storyboard in Resources */,
				D17E980C2818D7FA004EA7E3 /* Assets.xcassets in Resources */,
				D1836CFD2818DFBE00F3E066 /* Media.xcassets in Resources */,
				D182CEF5281CD8A6000B7F74 /* Voice Options.wav in Resources */,
				D17E980F2818D7FA004EA7E3 /* LaunchScreen.storyboard in Resources */,
			);
			runOnlyForDeploymentPostprocessing = 0;
		};
		D193C6342812365700D4C4A0 /* Resources */ = {
			isa = PBXResourcesBuildPhase;
			buildActionMask = 2147483647;
			files = (
				D182CEEE281CD897000B7F74 /* Voice Go.wav in Resources */,
				D182CEFA281CD8BE000B7F74 /* Voice Try Again.wav in Resources */,
				D193C63C2812365700D4C4A0 /* GameScene.sks in Resources */,
				D1B2AE6B281A258E001DAEE7 /* Options Screen Music A.wav in Resources */,
				D193C6442812365800D4C4A0 /* Assets.xcassets in Resources */,
				D182CEFD281CD8C2000B7F74 /* Voice You Win.wav in Resources */,
				D166CB9D2817877300A2AA70 /* TitleScreen.sks in Resources */,
				D1B2AE65281997F7001DAEE7 /* Title Screen Music.wav in Resources */,
				D1836CFC2818DFBE00F3E066 /* Media.xcassets in Resources */,
				D193C63E2812365700D4C4A0 /* Actions.sks in Resources */,
				D166CBA5281787A800A2AA70 /* PlayLevelWin.sks in Resources */,
				D166CB9F2817878200A2AA70 /* OptionsScreen.sks in Resources */,
				D197CC3528178D57007DE072 /* Bios Beep.wav in Resources */,
				D182CEF4281CD8A6000B7F74 /* Voice Options.wav in Resources */,
				D182CEE2281CD872000B7F74 /* Voice Congrats.wav in Resources */,
				D166CB9B2817876400A2AA70 /* SplashScreenB.sks in Resources */,
				D166CBA32817879E00A2AA70 /* PlayLevel.sks in Resources */,
				D182CEE8281CD885000B7F74 /* Voice Credits.wav in Resources */,
				D1836CF82818DEBE00F3E066 /* Splash Screen B Jingle.wav in Resources */,
				D1B2AE68281A2395001DAEE7 /* Title Screen Music B.wav in Resources */,
				D182CEE5281CD87D000B7F74 /* Voice Continue.wav in Resources */,
				D166CBAB281787C100A2AA70 /* GameLose.sks in Resources */,
				D166CBA9281787B900A2AA70 /* GameWin.sks in Resources */,
				D182CEF1281CD8A0000B7F74 /* Voice New High Score.wav in Resources */,
				D166CB972817873B00A2AA70 /* SplashScreenA.sks in Resources */,
				D166CBA7281787B100A2AA70 /* PlayLevelLose.sks in Resources */,
				D182CEF7281CD8B4000B7F74 /* Voice Ready.wav in Resources */,
				D193C6472812365800D4C4A0 /* Main.storyboard in Resources */,
				D166CBA12817879100A2AA70 /* CreditsScreen.sks in Resources */,
				D182CEEB281CD88F000B7F74 /* Voice Game Over.wav in Resources */,
				D1B2AE6E281A2873001DAEE7 /* Credits Screen Music A.wav in Resources */,
			);
			runOnlyForDeploymentPostprocessing = 0;
		};
/* End PBXResourcesBuildPhase section */

/* Begin PBXSourcesBuildPhase section */
		D17E97F82818D7F9004EA7E3 /* Sources */ = {
			isa = PBXSourcesBuildPhase;
			buildActionMask = 2147483647;
			files = (
				D1836CF62818DBFC00F3E066 /* GameMaster.swift in Sources */,
				D17E98652818DB53004EA7E3 /* Balloon.swift in Sources */,
				D15C0696282C592C001702F4 /* GMSOptionsScreen.swift in Sources */,
				D15C06B0282C9175001702F4 /* GameMinorState.swift in Sources */,
				D15C0690282C5891001702F4 /* GMSSplashScreenB.swift in Sources */,
				D17E98662818DB53004EA7E3 /* SplashScreenAScene.swift in Sources */,
				D17E98672818DB53004EA7E3 /* SplashScreenBScene.swift in Sources */,
				D15C0699282C5979001702F4 /* GMSCreditsScreen.swift in Sources */,
				D15C068D282C581F001702F4 /* GMSSplashScreenA.swift in Sources */,
				D17E98682818DB53004EA7E3 /* TitleScreenScene.swift in Sources */,
				D17E98692818DB53004EA7E3 /* OptionsScreenScene.swift in Sources */,
				D17E986A2818DB53004EA7E3 /* CreditsScreenScene.swift in Sources */,
				D15C06A9282C5A48001702F4 /* GMSGameLose.swift in Sources */,
				D15C0689282C5767001702F4 /* GameMasterState.swift in Sources */,
				D1C99678281F678E00C42039 /* MathMaster.swift in Sources */,
				D15C069F282C59C3001702F4 /* GMSPlayLevelWin.swift in Sources */,
				D15C06A6282C5A18001702F4 /* GMSGameWin.swift in Sources */,
				D17E986B2818DB53004EA7E3 /* PlayLevelScene.swift in Sources */,
				D17E986C2818DB53004EA7E3 /* PlayLevelWinScene.swift in Sources */,
				D1836D002818E11500F3E066 /* SplashScreenBear.swift in Sources */,
				D17E986D2818DB53004EA7E3 /* PlayLevelLoseScene.swift in Sources */,
				D17E986E2818DB53004EA7E3 /* GameWinScene.swift in Sources */,
				D17E986F2818DB53004EA7E3 /* GameLoseScene.swift in Sources */,
				D17E98702818DB53004EA7E3 /* GMScene.swift in Sources */,
				D1F889E128441728009E2649 /* SKTopUiContainer.swift in Sources */,
				D15C0693282C58EF001702F4 /* GMSTitleScreen.swift in Sources */,
				D15C069C282C599D001702F4 /* GMSPlayLevel.swift in Sources */,
				D17E98052818D7F9004EA7E3 /* GameScene.swift in Sources */,
				D17E98072818D7F9004EA7E3 /* GameViewController.swift in Sources */,
				D17E97FF2818D7F9004EA7E3 /* AppDelegate.swift in Sources */,
				D15C06A2282C59E9001702F4 /* GMSPlayLevelLose.swift in Sources */,
			);
			runOnlyForDeploymentPostprocessing = 0;
		};
		D193C6322812365700D4C4A0 /* Sources */ = {
			isa = PBXSourcesBuildPhase;
			buildActionMask = 2147483647;
			files = (
				D14C1C672817857200BCA0A6 /* PlayLevelWinScene.swift in Sources */,
				D1CB21E72815EE5F0006696D /* GameMaster.swift in Sources */,
				D15C0695282C592C001702F4 /* GMSOptionsScreen.swift in Sources */,
				D15C06AF282C9175001702F4 /* GameMinorState.swift in Sources */,
				D15C068F282C5891001702F4 /* GMSSplashScreenB.swift in Sources */,
				D14C1C652817853700BCA0A6 /* PlayLevelScene.swift in Sources */,
				D14387DC28175DE7005F5D64 /* TitleScreenScene.swift in Sources */,
				D15C0698282C5979001702F4 /* GMSCreditsScreen.swift in Sources */,
				D15C068C282C581F001702F4 /* GMSSplashScreenA.swift in Sources */,
				D193C6422812365700D4C4A0 /* ViewController.swift in Sources */,
				D14C1C6B281785C800BCA0A6 /* GameWinScene.swift in Sources */,
				D193C6402812365700D4C4A0 /* GameScene.swift in Sources */,
				D15C06A8282C5A48001702F4 /* GMSGameLose.swift in Sources */,
				D15C0688282C5767001702F4 /* GameMasterState.swift in Sources */,
				D1C99677281F678E00C42039 /* MathMaster.swift in Sources */,
				D15C069E282C59C3001702F4 /* GMSPlayLevelWin.swift in Sources */,
				D15C06A5282C5A18001702F4 /* GMSGameWin.swift in Sources */,
				D14387DA28175D46005F5D64 /* SplashScreenBScene.swift in Sources */,
				D14C1C632817848600BCA0A6 /* CreditsScreenScene.swift in Sources */,
				D1836CFF2818E11500F3E066 /* SplashScreenBear.swift in Sources */,
				D193C63A2812365700D4C4A0 /* AppDelegate.swift in Sources */,
				D197CC3728179286007DE072 /* GMScene.swift in Sources */,
				D14C1C6D281785E900BCA0A6 /* GameLoseScene.swift in Sources */,
				D1CB21E1281319780006696D /* Balloon.swift in Sources */,
				D1F889E028441728009E2649 /* SKTopUiContainer.swift in Sources */,
				D15C0692282C58EF001702F4 /* GMSTitleScreen.swift in Sources */,
				D15C069B282C599D001702F4 /* GMSPlayLevel.swift in Sources */,
				D14387DE28175E45005F5D64 /* OptionsScreenScene.swift in Sources */,
				D14387D828175BFF005F5D64 /* SplashScreenAScene.swift in Sources */,
				D14C1C69281785A300BCA0A6 /* PlayLevelLoseScene.swift in Sources */,
				D15C06A1282C59E9001702F4 /* GMSPlayLevelLose.swift in Sources */,
			);
			runOnlyForDeploymentPostprocessing = 0;
		};
/* End PBXSourcesBuildPhase section */

/* Begin PBXVariantGroup section */
		D17E98082818D7F9004EA7E3 /* Main.storyboard */ = {
			isa = PBXVariantGroup;
			children = (
				D17E98092818D7F9004EA7E3 /* Base */,
			);
			name = Main.storyboard;
			sourceTree = "<group>";
		};
		D17E980D2818D7FA004EA7E3 /* LaunchScreen.storyboard */ = {
			isa = PBXVariantGroup;
			children = (
				D17E980E2818D7FA004EA7E3 /* Base */,
			);
			name = LaunchScreen.storyboard;
			sourceTree = "<group>";
		};
		D193C6452812365800D4C4A0 /* Main.storyboard */ = {
			isa = PBXVariantGroup;
			children = (
				D193C6462812365800D4C4A0 /* Base */,
			);
			name = Main.storyboard;
			sourceTree = "<group>";
		};
/* End PBXVariantGroup section */

/* Begin XCBuildConfiguration section */
		D17E98102818D7FA004EA7E3 /* Debug */ = {
			isa = XCBuildConfiguration;
			buildSettings = {
				ASSETCATALOG_COMPILER_APPICON_NAME = AppIcon;
				ASSETCATALOG_COMPILER_GLOBAL_ACCENT_COLOR_NAME = AccentColor;
				CODE_SIGN_STYLE = Automatic;
				CURRENT_PROJECT_VERSION = 1;
				DEVELOPMENT_TEAM = D8456CNSFU;
				GENERATE_INFOPLIST_FILE = YES;
				INFOPLIST_KEY_UIApplicationSupportsIndirectInputEvents = YES;
				INFOPLIST_KEY_UILaunchStoryboardName = LaunchScreen;
				INFOPLIST_KEY_UIMainStoryboardFile = Main;
				INFOPLIST_KEY_UIStatusBarHidden = YES;
				INFOPLIST_KEY_UISupportedInterfaceOrientations = UIInterfaceOrientationPortrait;
				INFOPLIST_KEY_UISupportedInterfaceOrientations_iPad = "UIInterfaceOrientationPortrait UIInterfaceOrientationPortraitUpsideDown UIInterfaceOrientationLandscapeLeft UIInterfaceOrientationLandscapeRight";
				INFOPLIST_KEY_UISupportedInterfaceOrientations_iPhone = "UIInterfaceOrientationPortrait UIInterfaceOrientationLandscapeLeft UIInterfaceOrientationLandscapeRight";
				IPHONEOS_DEPLOYMENT_TARGET = 15.4;
				LD_RUNPATH_SEARCH_PATHS = (
					"$(inherited)",
					"@executable_path/Frameworks",
				);
				MARKETING_VERSION = 1.0;
				PRODUCT_BUNDLE_IDENTIFIER = "org.gregfmartin.Balloon-Popper-iOS";
				PRODUCT_NAME = "$(TARGET_NAME)";
				SDKROOT = iphoneos;
				SWIFT_EMIT_LOC_STRINGS = YES;
				SWIFT_VERSION = 5.0;
				TARGETED_DEVICE_FAMILY = "1,2";
			};
			name = Debug;
		};
		D17E98112818D7FA004EA7E3 /* Release */ = {
			isa = XCBuildConfiguration;
			buildSettings = {
				ASSETCATALOG_COMPILER_APPICON_NAME = AppIcon;
				ASSETCATALOG_COMPILER_GLOBAL_ACCENT_COLOR_NAME = AccentColor;
				CODE_SIGN_STYLE = Automatic;
				CURRENT_PROJECT_VERSION = 1;
				DEVELOPMENT_TEAM = D8456CNSFU;
				GENERATE_INFOPLIST_FILE = YES;
				INFOPLIST_KEY_UIApplicationSupportsIndirectInputEvents = YES;
				INFOPLIST_KEY_UILaunchStoryboardName = LaunchScreen;
				INFOPLIST_KEY_UIMainStoryboardFile = Main;
				INFOPLIST_KEY_UIStatusBarHidden = YES;
				INFOPLIST_KEY_UISupportedInterfaceOrientations = UIInterfaceOrientationPortrait;
				INFOPLIST_KEY_UISupportedInterfaceOrientations_iPad = "UIInterfaceOrientationPortrait UIInterfaceOrientationPortraitUpsideDown UIInterfaceOrientationLandscapeLeft UIInterfaceOrientationLandscapeRight";
				INFOPLIST_KEY_UISupportedInterfaceOrientations_iPhone = "UIInterfaceOrientationPortrait UIInterfaceOrientationLandscapeLeft UIInterfaceOrientationLandscapeRight";
				IPHONEOS_DEPLOYMENT_TARGET = 15.4;
				LD_RUNPATH_SEARCH_PATHS = (
					"$(inherited)",
					"@executable_path/Frameworks",
				);
				MARKETING_VERSION = 1.0;
				PRODUCT_BUNDLE_IDENTIFIER = "org.gregfmartin.Balloon-Popper-iOS";
				PRODUCT_NAME = "$(TARGET_NAME)";
				SDKROOT = iphoneos;
				SWIFT_EMIT_LOC_STRINGS = YES;
				SWIFT_VERSION = 5.0;
				TARGETED_DEVICE_FAMILY = "1,2";
				VALIDATE_PRODUCT = YES;
			};
			name = Release;
		};
		D193C6492812365800D4C4A0 /* Debug */ = {
			isa = XCBuildConfiguration;
			buildSettings = {
				ALWAYS_SEARCH_USER_PATHS = NO;
				CLANG_ANALYZER_NONNULL = YES;
				CLANG_ANALYZER_NUMBER_OBJECT_CONVERSION = YES_AGGRESSIVE;
				CLANG_CXX_LANGUAGE_STANDARD = "gnu++17";
				CLANG_ENABLE_MODULES = YES;
				CLANG_ENABLE_OBJC_ARC = YES;
				CLANG_ENABLE_OBJC_WEAK = YES;
				CLANG_WARN_BLOCK_CAPTURE_AUTORELEASING = YES;
				CLANG_WARN_BOOL_CONVERSION = YES;
				CLANG_WARN_COMMA = YES;
				CLANG_WARN_CONSTANT_CONVERSION = YES;
				CLANG_WARN_DEPRECATED_OBJC_IMPLEMENTATIONS = YES;
				CLANG_WARN_DIRECT_OBJC_ISA_USAGE = YES_ERROR;
				CLANG_WARN_DOCUMENTATION_COMMENTS = YES;
				CLANG_WARN_EMPTY_BODY = YES;
				CLANG_WARN_ENUM_CONVERSION = YES;
				CLANG_WARN_INFINITE_RECURSION = YES;
				CLANG_WARN_INT_CONVERSION = YES;
				CLANG_WARN_NON_LITERAL_NULL_CONVERSION = YES;
				CLANG_WARN_OBJC_IMPLICIT_RETAIN_SELF = YES;
				CLANG_WARN_OBJC_LITERAL_CONVERSION = YES;
				CLANG_WARN_OBJC_ROOT_CLASS = YES_ERROR;
				CLANG_WARN_QUOTED_INCLUDE_IN_FRAMEWORK_HEADER = YES;
				CLANG_WARN_RANGE_LOOP_ANALYSIS = YES;
				CLANG_WARN_STRICT_PROTOTYPES = YES;
				CLANG_WARN_SUSPICIOUS_MOVE = YES;
				CLANG_WARN_UNGUARDED_AVAILABILITY = YES_AGGRESSIVE;
				CLANG_WARN_UNREACHABLE_CODE = YES;
				CLANG_WARN__DUPLICATE_METHOD_MATCH = YES;
				COPY_PHASE_STRIP = NO;
				DEBUG_INFORMATION_FORMAT = dwarf;
				ENABLE_STRICT_OBJC_MSGSEND = YES;
				ENABLE_TESTABILITY = YES;
				GCC_C_LANGUAGE_STANDARD = gnu11;
				GCC_DYNAMIC_NO_PIC = NO;
				GCC_NO_COMMON_BLOCKS = YES;
				GCC_OPTIMIZATION_LEVEL = 0;
				GCC_PREPROCESSOR_DEFINITIONS = (
					"DEBUG=1",
					"$(inherited)",
				);
				GCC_WARN_64_TO_32_BIT_CONVERSION = YES;
				GCC_WARN_ABOUT_RETURN_TYPE = YES_ERROR;
				GCC_WARN_UNDECLARED_SELECTOR = YES;
				GCC_WARN_UNINITIALIZED_AUTOS = YES_AGGRESSIVE;
				GCC_WARN_UNUSED_FUNCTION = YES;
				GCC_WARN_UNUSED_VARIABLE = YES;
				MACOSX_DEPLOYMENT_TARGET = 12.3;
				MTL_ENABLE_DEBUG_INFO = INCLUDE_SOURCE;
				MTL_FAST_MATH = YES;
				ONLY_ACTIVE_ARCH = YES;
				SDKROOT = macosx;
				SWIFT_ACTIVE_COMPILATION_CONDITIONS = DEBUG;
				SWIFT_OPTIMIZATION_LEVEL = "-Onone";
			};
			name = Debug;
		};
		D193C64A2812365800D4C4A0 /* Release */ = {
			isa = XCBuildConfiguration;
			buildSettings = {
				ALWAYS_SEARCH_USER_PATHS = NO;
				CLANG_ANALYZER_NONNULL = YES;
				CLANG_ANALYZER_NUMBER_OBJECT_CONVERSION = YES_AGGRESSIVE;
				CLANG_CXX_LANGUAGE_STANDARD = "gnu++17";
				CLANG_ENABLE_MODULES = YES;
				CLANG_ENABLE_OBJC_ARC = YES;
				CLANG_ENABLE_OBJC_WEAK = YES;
				CLANG_WARN_BLOCK_CAPTURE_AUTORELEASING = YES;
				CLANG_WARN_BOOL_CONVERSION = YES;
				CLANG_WARN_COMMA = YES;
				CLANG_WARN_CONSTANT_CONVERSION = YES;
				CLANG_WARN_DEPRECATED_OBJC_IMPLEMENTATIONS = YES;
				CLANG_WARN_DIRECT_OBJC_ISA_USAGE = YES_ERROR;
				CLANG_WARN_DOCUMENTATION_COMMENTS = YES;
				CLANG_WARN_EMPTY_BODY = YES;
				CLANG_WARN_ENUM_CONVERSION = YES;
				CLANG_WARN_INFINITE_RECURSION = YES;
				CLANG_WARN_INT_CONVERSION = YES;
				CLANG_WARN_NON_LITERAL_NULL_CONVERSION = YES;
				CLANG_WARN_OBJC_IMPLICIT_RETAIN_SELF = YES;
				CLANG_WARN_OBJC_LITERAL_CONVERSION = YES;
				CLANG_WARN_OBJC_ROOT_CLASS = YES_ERROR;
				CLANG_WARN_QUOTED_INCLUDE_IN_FRAMEWORK_HEADER = YES;
				CLANG_WARN_RANGE_LOOP_ANALYSIS = YES;
				CLANG_WARN_STRICT_PROTOTYPES = YES;
				CLANG_WARN_SUSPICIOUS_MOVE = YES;
				CLANG_WARN_UNGUARDED_AVAILABILITY = YES_AGGRESSIVE;
				CLANG_WARN_UNREACHABLE_CODE = YES;
				CLANG_WARN__DUPLICATE_METHOD_MATCH = YES;
				COPY_PHASE_STRIP = NO;
				DEBUG_INFORMATION_FORMAT = "dwarf-with-dsym";
				ENABLE_NS_ASSERTIONS = NO;
				ENABLE_STRICT_OBJC_MSGSEND = YES;
				GCC_C_LANGUAGE_STANDARD = gnu11;
				GCC_NO_COMMON_BLOCKS = YES;
				GCC_WARN_64_TO_32_BIT_CONVERSION = YES;
				GCC_WARN_ABOUT_RETURN_TYPE = YES_ERROR;
				GCC_WARN_UNDECLARED_SELECTOR = YES;
				GCC_WARN_UNINITIALIZED_AUTOS = YES_AGGRESSIVE;
				GCC_WARN_UNUSED_FUNCTION = YES;
				GCC_WARN_UNUSED_VARIABLE = YES;
				MACOSX_DEPLOYMENT_TARGET = 12.3;
				MTL_ENABLE_DEBUG_INFO = NO;
				MTL_FAST_MATH = YES;
				SDKROOT = macosx;
				SWIFT_COMPILATION_MODE = wholemodule;
				SWIFT_OPTIMIZATION_LEVEL = "-O";
			};
			name = Release;
		};
		D193C64C2812365800D4C4A0 /* Debug */ = {
			isa = XCBuildConfiguration;
			buildSettings = {
				ASSETCATALOG_COMPILER_APPICON_NAME = AppIcon;
				ASSETCATALOG_COMPILER_GLOBAL_ACCENT_COLOR_NAME = AccentColor;
				CODE_SIGN_ENTITLEMENTS = "Balloon Popper/Balloon_Popper.entitlements";
				CODE_SIGN_IDENTITY = "-";
				CODE_SIGN_STYLE = Automatic;
				COMBINE_HIDPI_IMAGES = YES;
				CURRENT_PROJECT_VERSION = 1;
				DEVELOPMENT_TEAM = D8456CNSFU;
				ENABLE_HARDENED_RUNTIME = YES;
				GENERATE_INFOPLIST_FILE = YES;
				INFOPLIST_KEY_NSHumanReadableCopyright = "";
				INFOPLIST_KEY_NSMainStoryboardFile = Main;
				INFOPLIST_KEY_NSPrincipalClass = NSApplication;
				LD_RUNPATH_SEARCH_PATHS = (
					"$(inherited)",
					"@executable_path/../Frameworks",
				);
				MARKETING_VERSION = 1.0;
				PRODUCT_BUNDLE_IDENTIFIER = "org.gregfmartin.Balloon-Popper";
				PRODUCT_NAME = "$(TARGET_NAME)";
				SWIFT_EMIT_LOC_STRINGS = YES;
				SWIFT_VERSION = 5.0;
			};
			name = Debug;
		};
		D193C64D2812365800D4C4A0 /* Release */ = {
			isa = XCBuildConfiguration;
			buildSettings = {
				ASSETCATALOG_COMPILER_APPICON_NAME = AppIcon;
				ASSETCATALOG_COMPILER_GLOBAL_ACCENT_COLOR_NAME = AccentColor;
				CODE_SIGN_ENTITLEMENTS = "Balloon Popper/Balloon_Popper.entitlements";
				CODE_SIGN_IDENTITY = "-";
				CODE_SIGN_STYLE = Automatic;
				COMBINE_HIDPI_IMAGES = YES;
				CURRENT_PROJECT_VERSION = 1;
				DEVELOPMENT_TEAM = D8456CNSFU;
				ENABLE_HARDENED_RUNTIME = YES;
				GENERATE_INFOPLIST_FILE = YES;
				INFOPLIST_KEY_NSHumanReadableCopyright = "";
				INFOPLIST_KEY_NSMainStoryboardFile = Main;
				INFOPLIST_KEY_NSPrincipalClass = NSApplication;
				LD_RUNPATH_SEARCH_PATHS = (
					"$(inherited)",
					"@executable_path/../Frameworks",
				);
				MARKETING_VERSION = 1.0;
				PRODUCT_BUNDLE_IDENTIFIER = "org.gregfmartin.Balloon-Popper";
				PRODUCT_NAME = "$(TARGET_NAME)";
				SWIFT_EMIT_LOC_STRINGS = YES;
				SWIFT_VERSION = 5.0;
			};
			name = Release;
		};
/* End XCBuildConfiguration section */

/* Begin XCConfigurationList section */
		D17E98122818D7FA004EA7E3 /* Build configuration list for PBXNativeTarget "Balloon Popper iOS" */ = {
			isa = XCConfigurationList;
			buildConfigurations = (
				D17E98102818D7FA004EA7E3 /* Debug */,
				D17E98112818D7FA004EA7E3 /* Release */,
			);
			defaultConfigurationIsVisible = 0;
			defaultConfigurationName = Release;
		};
		D193C6312812365700D4C4A0 /* Build configuration list for PBXProject "Balloon Popper" */ = {
			isa = XCConfigurationList;
			buildConfigurations = (
				D193C6492812365800D4C4A0 /* Debug */,
				D193C64A2812365800D4C4A0 /* Release */,
			);
			defaultConfigurationIsVisible = 0;
			defaultConfigurationName = Release;
		};
		D193C64B2812365800D4C4A0 /* Build configuration list for PBXNativeTarget "Balloon Popper" */ = {
			isa = XCConfigurationList;
			buildConfigurations = (
				D193C64C2812365800D4C4A0 /* Debug */,
				D193C64D2812365800D4C4A0 /* Release */,
			);
			defaultConfigurationIsVisible = 0;
			defaultConfigurationName = Release;
		};
/* End XCConfigurationList section */
	};
	rootObject = D193C62E2812365700D4C4A0 /* Project object */;
}
